// !$*UTF8*$!
{
	archiveVersion = 1;
	classes = {
	};
	objectVersion = 46;
	objects = {

/* Begin PBXBuildFile section */
		D50C24981F1F232D0084E17D /* AppDelegate.swift in Sources */ = {isa = PBXBuildFile; fileRef = D50C24971F1F232D0084E17D /* AppDelegate.swift */; };
		D50C249A1F1F232D0084E17D /* ViewController.swift in Sources */ = {isa = PBXBuildFile; fileRef = D50C24991F1F232D0084E17D /* ViewController.swift */; };
		D50C249D1F1F232D0084E17D /* Main.storyboard in Resources */ = {isa = PBXBuildFile; fileRef = D50C249B1F1F232D0084E17D /* Main.storyboard */; };
		D50C249F1F1F232D0084E17D /* Assets.xcassets in Resources */ = {isa = PBXBuildFile; fileRef = D50C249E1F1F232D0084E17D /* Assets.xcassets */; };
		D50C24A21F1F232D0084E17D /* LaunchScreen.storyboard in Resources */ = {isa = PBXBuildFile; fileRef = D50C24A01F1F232D0084E17D /* LaunchScreen.storyboard */; };
		D50C24AC1F1F23880084E17D /* PhotoKitSample.swift in Sources */ = {isa = PBXBuildFile; fileRef = D50C24AB1F1F23880084E17D /* PhotoKitSample.swift */; };
		D5F0186C1F21D29200F9259C /* PhotoKitViewModel.swift in Sources */ = {isa = PBXBuildFile; fileRef = D5F0186B1F21D29200F9259C /* PhotoKitViewModel.swift */; };
		D5F0186E1F21E37D00F9259C /* AblumViewController.swift in Sources */ = {isa = PBXBuildFile; fileRef = D5F0186D1F21E37D00F9259C /* AblumViewController.swift */; };
/* End PBXBuildFile section */

/* Begin PBXFileReference section */
		D50C24941F1F232D0084E17D /* Devmo.app */ = {isa = PBXFileReference; explicitFileType = wrapper.application; includeInIndex = 0; path = Devmo.app; sourceTree = BUILT_PRODUCTS_DIR; };
		D50C24971F1F232D0084E17D /* AppDelegate.swift */ = {isa = PBXFileReference; lastKnownFileType = sourcecode.swift; path = AppDelegate.swift; sourceTree = "<group>"; };
		D50C24991F1F232D0084E17D /* ViewController.swift */ = {isa = PBXFileReference; lastKnownFileType = sourcecode.swift; path = ViewController.swift; sourceTree = "<group>"; };
		D50C249C1F1F232D0084E17D /* Base */ = {isa = PBXFileReference; lastKnownFileType = file.storyboard; name = Base; path = Base.lproj/Main.storyboard; sourceTree = "<group>"; };
		D50C249E1F1F232D0084E17D /* Assets.xcassets */ = {isa = PBXFileReference; lastKnownFileType = folder.assetcatalog; path = Assets.xcassets; sourceTree = "<group>"; };
		D50C24A11F1F232D0084E17D /* Base */ = {isa = PBXFileReference; lastKnownFileType = file.storyboard; name = Base; path = Base.lproj/LaunchScreen.storyboard; sourceTree = "<group>"; };
		D50C24A31F1F232D0084E17D /* Info.plist */ = {isa = PBXFileReference; lastKnownFileType = text.plist.xml; path = Info.plist; sourceTree = "<group>"; };
		D50C24AB1F1F23880084E17D /* PhotoKitSample.swift */ = {isa = PBXFileReference; fileEncoding = 4; lastKnownFileType = sourcecode.swift; name = PhotoKitSample.swift; path = source/PhotoKit/PhotoKitSample.swift; sourceTree = "<group>"; };
		D5F0186B1F21D29200F9259C /* PhotoKitViewModel.swift */ = {isa = PBXFileReference; fileEncoding = 4; lastKnownFileType = sourcecode.swift; name = PhotoKitViewModel.swift; path = source/PhotoKit/PhotoKitViewModel.swift; sourceTree = "<group>"; };
		D5F0186D1F21E37D00F9259C /* AblumViewController.swift */ = {isa = PBXFileReference; fileEncoding = 4; lastKnownFileType = sourcecode.swift; name = AblumViewController.swift; path = source/PhotoKit/AblumViewController.swift; sourceTree = "<group>"; };
/* End PBXFileReference section */

/* Begin PBXFrameworksBuildPhase section */
		D50C24911F1F232D0084E17D /* Frameworks */ = {
			isa = PBXFrameworksBuildPhase;
			buildActionMask = 2147483647;
			files = (
			);
			runOnlyForDeploymentPostprocessing = 0;
		};
/* End PBXFrameworksBuildPhase section */

/* Begin PBXGroup section */
		D50C248B1F1F232C0084E17D = {
			isa = PBXGroup;
			children = (
				D50C24961F1F232D0084E17D /* Devmo */,
				D50C24951F1F232D0084E17D /* Products */,
			);
			sourceTree = "<group>";
		};
		D50C24951F1F232D0084E17D /* Products */ = {
			isa = PBXGroup;
			children = (
				D50C24941F1F232D0084E17D /* Devmo.app */,
			);
			name = Products;
			sourceTree = "<group>";
		};
		D50C24961F1F232D0084E17D /* Devmo */ = {
			isa = PBXGroup;
			children = (
				D50C24A91F1F23420084E17D /* source */,
				D50C24971F1F232D0084E17D /* AppDelegate.swift */,
				D50C24991F1F232D0084E17D /* ViewController.swift */,
				D50C249B1F1F232D0084E17D /* Main.storyboard */,
				D50C249E1F1F232D0084E17D /* Assets.xcassets */,
				D50C24A01F1F232D0084E17D /* LaunchScreen.storyboard */,
				D50C24A31F1F232D0084E17D /* Info.plist */,
			);
			path = Devmo;
			sourceTree = "<group>";
		};
		D50C24A91F1F23420084E17D /* source */ = {
			isa = PBXGroup;
			children = (
				D50C24AA1F1F234D0084E17D /* PhotoKit */,
			);
			name = source;
			sourceTree = "<group>";
		};
		D50C24AA1F1F234D0084E17D /* PhotoKit */ = {
			isa = PBXGroup;
			children = (
				D50C24AB1F1F23880084E17D /* PhotoKitSample.swift */,
				D5F0186B1F21D29200F9259C /* PhotoKitViewModel.swift */,
				D5F0186D1F21E37D00F9259C /* AblumViewController.swift */,
			);
			name = PhotoKit;
			sourceTree = "<group>";
		};
/* End PBXGroup section */

/* Begin PBXNativeTarget section */
		D50C24931F1F232D0084E17D /* Devmo */ = {
			isa = PBXNativeTarget;
			buildConfigurationList = D50C24A61F1F232D0084E17D /* Build configuration list for PBXNativeTarget "Devmo" */;
			buildPhases = (
				D50C24901F1F232D0084E17D /* Sources */,
				D50C24911F1F232D0084E17D /* Frameworks */,
				D50C24921F1F232D0084E17D /* Resources */,
			);
			buildRules = (
			);
			dependencies = (
			);
			name = Devmo;
			productName = Devmo;
			productReference = D50C24941F1F232D0084E17D /* Devmo.app */;
			productType = "com.apple.product-type.application";
		};
/* End PBXNativeTarget section */

/* Begin PBXProject section */
		D50C248C1F1F232D0084E17D /* Project object */ = {
			isa = PBXProject;
			attributes = {
				LastSwiftUpdateCheck = 0830;
				LastUpgradeCheck = 0830;
				ORGANIZATIONNAME = Desgard_Duan;
				TargetAttributes = {
					D50C24931F1F232D0084E17D = {
						CreatedOnToolsVersion = 8.3.3;
						DevelopmentTeam = DNL5G5M9A8;
						ProvisioningStyle = Automatic;
					};
				};
			};
			buildConfigurationList = D50C248F1F1F232D0084E17D /* Build configuration list for PBXProject "Devmo" */;
			compatibilityVersion = "Xcode 3.2";
			developmentRegion = English;
			hasScannedForEncodings = 0;
			knownRegions = (
				en,
				Base,
			);
			mainGroup = D50C248B1F1F232C0084E17D;
			productRefGroup = D50C24951F1F232D0084E17D /* Products */;
			projectDirPath = "";
			projectRoot = "";
			targets = (
				D50C24931F1F232D0084E17D /* Devmo */,
			);
		};
/* End PBXProject section */

/* Begin PBXResourcesBuildPhase section */
		D50C24921F1F232D0084E17D /* Resources */ = {
			isa = PBXResourcesBuildPhase;
			buildActionMask = 2147483647;
			files = (
				D50C24A21F1F232D0084E17D /* LaunchScreen.storyboard in Resources */,
				D50C249F1F1F232D0084E17D /* Assets.xcassets in Resources */,
				D50C249D1F1F232D0084E17D /* Main.storyboard in Resources */,
			);
			runOnlyForDeploymentPostprocessing = 0;
		};
/* End PBXResourcesBuildPhase section */

/* Begin PBXSourcesBuildPhase section */
		D50C24901F1F232D0084E17D /* Sources */ = {
			isa = PBXSourcesBuildPhase;
			buildActionMask = 2147483647;
			files = (
				D5F0186E1F21E37D00F9259C /* AblumViewController.swift in Sources */,
				D5F0186C1F21D29200F9259C /* PhotoKitViewModel.swift in Sources */,
				D50C249A1F1F232D0084E17D /* ViewController.swift in Sources */,
				D50C24981F1F232D0084E17D /* AppDelegate.swift in Sources */,
				D50C24AC1F1F23880084E17D /* PhotoKitSample.swift in Sources */,
			);
			runOnlyForDeploymentPostprocessing = 0;
		};
/* End PBXSourcesBuildPhase section */

/* Begin PBXVariantGroup section */
		D50C249B1F1F232D0084E17D /* Main.storyboard */ = {
			isa = PBXVariantGroup;
			children = (
				D50C249C1F1F232D0084E17D /* Base */,
			);
			name = Main.storyboard;
			sourceTree = "<group>";
		};
		D50C24A01F1F232D0084E17D /* LaunchScreen.storyboard */ = {
			isa = PBXVariantGroup;
			children = (
				D50C24A11F1F232D0084E17D /* Base */,
			);
			name = LaunchScreen.storyboard;
			sourceTree = "<group>";
		};
/* End PBXVariantGroup section */

/* Begin XCBuildConfiguration section */
		D50C24A41F1F232D0084E17D /* Debug */ = {
			isa = XCBuildConfiguration;
			buildSettings = {
				ALWAYS_SEARCH_USER_PATHS = NO;
				CLANG_ANALYZER_NONNULL = YES;
				CLANG_ANALYZER_NUMBER_OBJECT_CONVERSION = YES_AGGRESSIVE;
				CLANG_CXX_LANGUAGE_STANDARD = "gnu++0x";
				CLANG_CXX_LIBRARY = "libc++";
				CLANG_ENABLE_MODULES = YES;
				CLANG_ENABLE_OBJC_ARC = YES;
				CLANG_WARN_BOOL_CONVERSION = YES;
				CLANG_WARN_CONSTANT_CONVERSION = YES;
				CLANG_WARN_DIRECT_OBJC_ISA_USAGE = YES_ERROR;
				CLANG_WARN_DOCUMENTATION_COMMENTS = YES;
				CLANG_WARN_EMPTY_BODY = YES;
				CLANG_WARN_ENUM_CONVERSION = YES;
				CLANG_WARN_INFINITE_RECURSION = YES;
				CLANG_WARN_INT_CONVERSION = YES;
				CLANG_WARN_OBJC_ROOT_CLASS = YES_ERROR;
				CLANG_WARN_SUSPICIOUS_MOVE = YES;
				CLANG_WARN_UNREACHABLE_CODE = YES;
				CLANG_WARN__DUPLICATE_METHOD_MATCH = YES;
				"CODE_SIGN_IDENTITY[sdk=iphoneos*]" = "iPhone Developer";
				COPY_PHASE_STRIP = NO;
				DEBUG_INFORMATION_FORMAT = dwarf;
				ENABLE_STRICT_OBJC_MSGSEND = YES;
				ENABLE_TESTABILITY = YES;
				GCC_C_LANGUAGE_STANDARD = gnu99;
				GCC_DYNAMIC_NO_PIC = NO;
				GCC_NO_COMMON_BLOCKS = YES;
				GCC_OPTIMIZATION_LEVEL = 0;
				GCC_PREPROCESSOR_DEFINITIONS = (
					"DEBUG=1",
					"$(inherited)",
				);
				GCC_WARN_64_TO_32_BIT_CONVERSION = YES;
				GCC_WARN_ABOUT_RETURN_TYPE = YES_ERROR;
				GCC_WARN_UNDECLARED_SELECTOR = YES;
				GCC_WARN_UNINITIALIZED_AUTOS = YES_AGGRESSIVE;
				GCC_WARN_UNUSED_FUNCTION = YES;
				GCC_WARN_UNUSED_VARIABLE = YES;
				IPHONEOS_DEPLOYMENT_TARGET = 10.3;
				MTL_ENABLE_DEBUG_INFO = YES;
				ONLY_ACTIVE_ARCH = YES;
				SDKROOT = iphoneos;
				SWIFT_ACTIVE_COMPILATION_CONDITIONS = DEBUG;
				SWIFT_OPTIMIZATION_LEVEL = "-Onone";
			};
			name = Debug;
		};
		D50C24A51F1F232D0084E17D /* Release */ = {
			isa = XCBuildConfiguration;
			buildSettings = {
				ALWAYS_SEARCH_USER_PATHS = NO;
				CLANG_ANALYZER_NONNULL = YES;
				CLANG_ANALYZER_NUMBER_OBJECT_CONVERSION = YES_AGGRESSIVE;
				CLANG_CXX_LANGUAGE_STANDARD = "gnu++0x";
				CLANG_CXX_LIBRARY = "libc++";
				CLANG_ENABLE_MODULES = YES;
				CLANG_ENABLE_OBJC_ARC = YES;
				CLANG_WARN_BOOL_CONVERSION = YES;
				CLANG_WARN_CONSTANT_CONVERSION = YES;
				CLANG_WARN_DIRECT_OBJC_ISA_USAGE = YES_ERROR;
				CLANG_WARN_DOCUMENTATION_COMMENTS = YES;
				CLANG_WARN_EMPTY_BODY = YES;
				CLANG_WARN_ENUM_CONVERSION = YES;
				CLANG_WARN_INFINITE_RECURSION = YES;
				CLANG_WARN_INT_CONVERSION = YES;
				CLANG_WARN_OBJC_ROOT_CLASS = YES_ERROR;
				CLANG_WARN_SUSPICIOUS_MOVE = YES;
				CLANG_WARN_UNREACHABLE_CODE = YES;
				CLANG_WARN__DUPLICATE_METHOD_MATCH = YES;
				"CODE_SIGN_IDENTITY[sdk=iphoneos*]" = "iPhone Developer";
				COPY_PHASE_STRIP = NO;
				DEBUG_INFORMATION_FORMAT = "dwarf-with-dsym";
				ENABLE_NS_ASSERTIONS = NO;
				ENABLE_STRICT_OBJC_MSGSEND = YES;
				GCC_C_LANGUAGE_STANDARD = gnu99;
				GCC_NO_COMMON_BLOCKS = YES;
				GCC_WARN_64_TO_32_BIT_CONVERSION = YES;
				GCC_WARN_ABOUT_RETURN_TYPE = YES_ERROR;
				GCC_WARN_UNDECLARED_SELECTOR = YES;
				GCC_WARN_UNINITIALIZED_AUTOS = YES_AGGRESSIVE;
				GCC_WARN_UNUSED_FUNCTION = YES;
				GCC_WARN_UNUSED_VARIABLE = YES;
				IPHONEOS_DEPLOYMENT_TARGET = 10.3;
				MTL_ENABLE_DEBUG_INFO = NO;
				SDKROOT = iphoneos;
				SWIFT_OPTIMIZATION_LEVEL = "-Owholemodule";
				VALIDATE_PRODUCT = YES;
			};
			name = Release;
		};
		D50C24A71F1F232D0084E17D /* Debug */ = {
			isa = XCBuildConfiguration;
			buildSettings = {
				ASSETCATALOG_COMPILER_APPICON_NAME = AppIcon;
				DEVELOPMENT_TEAM = DNL5G5M9A8;
				INFOPLIST_FILE = Devmo/Info.plist;
				LD_RUNPATH_SEARCH_PATHS = "$(inherited) @executable_path/Frameworks";
				PRODUCT_BUNDLE_IDENTIFIER = Desgard.Devmo;
				PRODUCT_NAME = "$(TARGET_NAME)";
				SWIFT_VERSION = 3.0;
			};
			name = Debug;
		};
		D50C24A81F1F232D0084E17D /* Release */ = {
			isa = XCBuildConfiguration;
			buildSettings = {
				ASSETCATALOG_COMPILER_APPICON_NAME = AppIcon;
				DEVELOPMENT_TEAM = DNL5G5M9A8;
				INFOPLIST_FILE = Devmo/Info.plist;
				LD_RUNPATH_SEARCH_PATHS = "$(inherited) @executable_path/Frameworks";
				PRODUCT_BUNDLE_IDENTIFIER = Desgard.Devmo;
				PRODUCT_NAME = "$(TARGET_NAME)";
				SWIFT_VERSION = 3.0;
			};
			name = Release;
		};
/* End XCBuildConfiguration section */

/* Begin XCConfigurationList section */
		D50C248F1F1F232D0084E17D /* Build configuration list for PBXProject "Devmo" */ = {
			isa = XCConfigurationList;
			buildConfigurations = (
				D50C24A41F1F232D0084E17D /* Debug */,
				D50C24A51F1F232D0084E17D /* Release */,
			);
			defaultConfigurationIsVisible = 0;
			defaultConfigurationName = Release;
		};
		D50C24A61F1F232D0084E17D /* Build configuration list for PBXNativeTarget "Devmo" */ = {
			isa = XCConfigurationList;
			buildConfigurations = (
				D50C24A71F1F232D0084E17D /* Debug */,
				D50C24A81F1F232D0084E17D /* Release */,
			);
			defaultConfigurationIsVisible = 0;
			defaultConfigurationName = Release;
		};
/* End XCConfigurationList section */
	};
	rootObject = D50C248C1F1F232D0084E17D /* Project object */;
}
